
Microsoft Visual Studio Solution File, Format Version 12.00
# Visual Studio 15
VisualStudioVersion = 15.0.28307.421
MinimumVisualStudioVersion = 10.0.40219.1
Project("{FAE04EC0-301F-11D3-BF4B-00C04F79EFBC}") = "ExcelAddInDemo", "ExcelAddInDemo\ExcelAddInDemo.csproj", "{87F73844-6D13-4FFD-A5B5-2D70B1A9352C}"
EndProject
Global
	GlobalSection(SolutionConfigurationPlatforms) = preSolution
		Debug|Any CPU = Debug|Any CPU
		Release|Any CPU = Release|Any CPU
	EndGlobalSection
	GlobalSection(ProjectConfigurationPlatforms) = postSolution
		{87F73844-6D13-4FFD-A5B5-2D70B1A9352C}.Debug|Any CPU.ActiveCfg = Debug|Any CPU
		{87F73844-6D13-4FFD-A5B5-2D70B1A9352C}.Debug|Any CPU.Build.0 = Debug|Any CPU
		{87F73844-6D13-4FFD-A5B5-2D70B1A9352C}.Release|Any CPU.ActiveCfg = Release|Any CPU
		{87F73844-6D13-4FFD-A5B5-2D70B1A9352C}.Release|Any CPU.Build.0 = Release|Any CPU
	EndGlobalSection
	GlobalSection(SolutionProperties) = preSolution
		HideSolutionNode = FALSE
	EndGlobalSection
	GlobalSection(ExtensibilityGlobals) = postSolution
		SolutionGuid = {DE956E4F-4C8D-4149-8B8B-335C74C011D8}
	EndGlobalSection
EndGlobal
